{
  "nodes": {
    "agenix": {
      "inputs": {
        "darwin": "darwin",
        "home-manager": "home-manager",
        "nixpkgs": [
          "nixpkgs"
        ],
        "systems": "systems"
      },
      "locked": {
        "lastModified": 1762618334,
        "narHash": "sha256-wyT7Pl6tMFbFrs8Lk/TlEs81N6L+VSybPfiIgzU8lbQ=",
        "owner": "ryantm",
        "repo": "agenix",
        "rev": "fcdea223397448d35d9b31f798479227e80183f6",
        "type": "github"
      },
      "original": {
        "owner": "ryantm",
        "repo": "agenix",
        "type": "github"
      }
    },
    "blink-cmp": {
      "inputs": {
        "fenix": "fenix",
        "flake-parts": "flake-parts",
        "nixpkgs": "nixpkgs_2"
      },
      "locked": {
        "lastModified": 1768609741,
        "narHash": "sha256-FUf4WfIBsnCBt2Ma2P7c5FM8oHzmtnYRRcwJrEvNeU8=",
        "owner": "saghen",
        "repo": "blink.cmp",
        "rev": "820f1ddf634ec267412e403711bf74be26cac677",
        "type": "github"
      },
      "original": {
        "owner": "saghen",
        "repo": "blink.cmp",
        "type": "github"
      }
    },
    "darwin": {
      "inputs": {
        "nixpkgs": [
          "agenix",
          "nixpkgs"
        ]
      },
      "locked": {
        "lastModified": 1744478979,
        "narHash": "sha256-dyN+teG9G82G+m+PX/aSAagkC+vUv0SgUw3XkPhQodQ=",
        "owner": "lnl7",
        "repo": "nix-darwin",
        "rev": "43975d782b418ebf4969e9ccba82466728c2851b",
        "type": "github"
      },
      "original": {
        "owner": "lnl7",
        "ref": "master",
        "repo": "nix-darwin",
        "type": "github"
      }
    },
    "fenix": {
      "inputs": {
        "nixpkgs": [
          "nvim",
          "blink-cmp",
          "nixpkgs"
        ],
        "rust-analyzer-src": "rust-analyzer-src"
      },
      "locked": {
        "lastModified": 1761028747,
        "narHash": "sha256-UqCbRuqnsVURCB0hLZL9SwFNDNftIE1Zxj7Ykf1aRj4=",
        "owner": "nix-community",
        "repo": "fenix",
        "rev": "1dd37dd710195936f675eb0d36cf284806f99a94",
        "type": "github"
      },
      "original": {
        "owner": "nix-community",
        "repo": "fenix",
        "type": "github"
      }
    },
    "fenix_2": {
      "inputs": {
        "nixpkgs": [
          "nvim",
          "nixpkgs"
        ],
        "rust-analyzer-src": "rust-analyzer-src_2"
      },
      "locked": {
        "lastModified": 1768892055,
        "narHash": "sha256-zatCoDgFd0C8YEOztMeBcom6cka0GqJGfc0aAXvpktc=",
        "owner": "nix-community",
        "repo": "fenix",
        "rev": "81d6a7547e090f7e760b95b9cc534461f6045e43",
        "type": "github"
      },
      "original": {
        "owner": "nix-community",
        "repo": "fenix",
        "type": "github"
      }
    },
    "flake-parts": {
      "inputs": {
        "nixpkgs-lib": "nixpkgs-lib"
      },
      "locked": {
        "lastModified": 1733312601,
        "narHash": "sha256-4pDvzqnegAfRkPwO3wmwBhVi/Sye1mzps0zHWYnP88c=",
        "owner": "hercules-ci",
        "repo": "flake-parts",
        "rev": "205b12d8b7cd4802fbcb8e8ef6a0f1408781a4f9",
        "type": "github"
      },
      "original": {
        "owner": "hercules-ci",
        "repo": "flake-parts",
        "type": "github"
      }
    },
    "home-manager": {
      "inputs": {
        "nixpkgs": [
          "agenix",
          "nixpkgs"
        ]
      },
      "locked": {
        "lastModified": 1745494811,
        "narHash": "sha256-YZCh2o9Ua1n9uCvrvi5pRxtuVNml8X2a03qIFfRKpFs=",
        "owner": "nix-community",
        "repo": "home-manager",
        "rev": "abfad3d2958c9e6300a883bd443512c55dfeb1be",
        "type": "github"
      },
      "original": {
        "owner": "nix-community",
        "repo": "home-manager",
        "type": "github"
      }
    },
    "home-manager_2": {
      "inputs": {
        "nixpkgs": [
          "nixpkgs"
        ]
      },
      "locked": {
        "lastModified": 1768927746,
        "narHash": "sha256-zyMpWHqcpKVmRc1W2NEK7DAuyVJZV62Jdjqudg70b1k=",
        "owner": "nix-community",
        "repo": "home-manager",
        "rev": "63a87808f5f9b6e4195a1d33f6ea25d23f4aa0df",
        "type": "github"
      },
      "original": {
        "owner": "nix-community",
        "repo": "home-manager",
        "type": "github"
      }
    },
    "nixCats": {
      "locked": {
        "lastModified": 1768932549,
        "narHash": "sha256-ElZV6Tm35NmRLqWaQDNgsJlkxeHPmSEko5WXXBeMA2E=",
        "owner": "BirdeeHub",
        "repo": "nixCats-nvim",
        "rev": "22cd80f04d07e8388f3d52dcf37479bfd718961b",
        "type": "github"
      },
      "original": {
        "owner": "BirdeeHub",
        "repo": "nixCats-nvim",
        "type": "github"
      }
    },
    "nixos-hardware": {
      "locked": {
        "lastModified": 1768736227,
        "narHash": "sha256-qgGq7CfrYKc3IBYQ7qp0Z/ZXndQVC5Bj0N8HW9mS2rM=",
        "owner": "nixos",
        "repo": "nixos-hardware",
        "rev": "d447553bcbc6a178618d37e61648b19e744370df",
        "type": "github"
      },
      "original": {
        "owner": "nixos",
        "ref": "master",
        "repo": "nixos-hardware",
        "type": "github"
      }
    },
    "nixpkgs": {
      "locked": {
        "lastModified": 1768564909,
        "narHash": "sha256-Kell/SpJYVkHWMvnhqJz/8DqQg2b6PguxVWOuadbHCc=",
        "owner": "nixos",
        "repo": "nixpkgs",
        "rev": "e4bae1bd10c9c57b2cf517953ab70060a828ee6f",
        "type": "github"
      },
      "original": {
        "owner": "nixos",
        "ref": "nixos-unstable",
        "repo": "nixpkgs",
        "type": "github"
      }
    },
    "nixpkgs-24-05": {
      "locked": {
        "lastModified": 1735563628,
        "narHash": "sha256-OnSAY7XDSx7CtDoqNh8jwVwh4xNL/2HaJxGjryLWzX8=",
        "owner": "nixos",
        "repo": "nixpkgs",
        "rev": "b134951a4c9f3c995fd7be05f3243f8ecd65d798",
        "type": "github"
      },
      "original": {
        "owner": "nixos",
        "ref": "nixos-24.05",
        "repo": "nixpkgs",
        "type": "github"
      }
    },
    "nixpkgs-lib": {
      "locked": {
        "lastModified": 1733096140,
        "narHash": "sha256-1qRH7uAUsyQI7R1Uwl4T+XvdNv778H0Nb5njNrqvylY=",
        "type": "tarball",
        "url": "https://github.com/NixOS/nixpkgs/archive/5487e69da40cbd611ab2cadee0b4637225f7cfae.tar.gz"
      },
      "original": {
        "type": "tarball",
        "url": "https://github.com/NixOS/nixpkgs/archive/5487e69da40cbd611ab2cadee0b4637225f7cfae.tar.gz"
      }
    },
    "nixpkgs_2": {
      "locked": {
        "lastModified": 1736166416,
        "narHash": "sha256-U47xeACNBpkSO6IcCm0XvahsVXpJXzjPIQG7TZlOToU=",
        "owner": "nixos",
        "repo": "nixpkgs",
        "rev": "b30f97d8c32d804d2d832ee837d0f1ca0695faa5",
        "type": "github"
      },
      "original": {
        "owner": "nixos",
        "ref": "nixpkgs-unstable",
        "repo": "nixpkgs",
        "type": "github"
      }
    },
    "nixpkgs_3": {
      "locked": {
        "lastModified": 1768783163,
        "narHash": "sha256-tLj4KcRDLakrlpvboTJDKsrp6z2XLwyQ4Zmo+w8KsY4=",
        "owner": "nixos",
        "repo": "nixpkgs",
        "rev": "bde09022887110deb780067364a0818e89258968",
        "type": "github"
      },
      "original": {
        "owner": "nixos",
        "ref": "nixpkgs-unstable",
        "repo": "nixpkgs",
        "type": "github"
      }
    },
    "nvim": {
      "inputs": {
        "blink-cmp": "blink-cmp",
        "fenix": "fenix_2",
        "nixCats": "nixCats",
        "nixpkgs": "nixpkgs_3",
        "plugins-catppuccin": "plugins-catppuccin",
        "plugins-conform": "plugins-conform",
        "plugins-gruvbox": "plugins-gruvbox",
        "plugins-indent-blankline": "plugins-indent-blankline",
        "plugins-kanagawa": "plugins-kanagawa",
        "plugins-luasnip": "plugins-luasnip",
        "plugins-mini-icons": "plugins-mini-icons",
        "plugins-nvim-web-devicons": "plugins-nvim-web-devicons",
        "plugins-promise-async": "plugins-promise-async",
        "plugins-ufo": "plugins-ufo",
        "plugins-which-key": "plugins-which-key"
      },
      "locked": {
        "lastModified": 1768939747,
        "narHash": "sha256-/bVQo/31+K5ZKzmMd20bPKHpGNAsl3JnxGNVoS267as=",
        "owner": "alex-bechanko",
        "repo": "nvim",
        "rev": "bb4860f4fdde07cfd583c691f6aaeccc9360788b",
        "type": "github"
      },
      "original": {
        "owner": "alex-bechanko",
        "repo": "nvim",
        "type": "github"
      }
    },
    "plugins-catppuccin": {
      "flake": false,
      "locked": {
        "lastModified": 1767886506,
        "narHash": "sha256-cZ6VeF69s0eQ9I7Tz8MoEKuF9w+TbA94vXj2EuDoSgU=",
        "owner": "catppuccin",
        "repo": "nvim",
        "rev": "beaf41a30c26fd7d6c386d383155cbd65dd554cd",
        "type": "github"
      },
      "original": {
        "owner": "catppuccin",
        "repo": "nvim",
        "type": "github"
      }
    },
    "plugins-conform": {
      "flake": false,
      "locked": {
        "lastModified": 1768760646,
        "narHash": "sha256-M2mGNF8iARiQ6MzIFSSE/2BRDSj1+XEP/C44dwg8MQ8=",
        "owner": "stevearc",
        "repo": "conform.nvim",
        "rev": "c2526f1cde528a66e086ab1668e996d162c75f4f",
        "type": "github"
      },
      "original": {
        "owner": "stevearc",
        "repo": "conform.nvim",
        "type": "github"
      }
    },
    "plugins-gruvbox": {
      "flake": false,
      "locked": {
        "lastModified": 1768324288,
        "narHash": "sha256-dotM6G4JG1dC9/JwHDR+lg4bMv7zPVI9MgEqCgCGECQ=",
        "owner": "ellisonleao",
        "repo": "gruvbox.nvim",
        "rev": "a472496e1a4465a2dd574389dcf6cdb29af9bf1b",
        "type": "github"
      },
      "original": {
        "owner": "ellisonleao",
        "repo": "gruvbox.nvim",
        "type": "github"
      }
    },
    "plugins-indent-blankline": {
      "flake": false,
      "locked": {
        "lastModified": 1742224677,
        "narHash": "sha256-0q/V+b4UrDRnaC/eRWOi9HU9a61vQSAM9/C8ZQyKt+Y=",
        "owner": "lukas-reineke",
        "repo": "indent-blankline.nvim",
        "rev": "005b56001b2cb30bfa61b7986bc50657816ba4ba",
        "type": "github"
      },
      "original": {
        "owner": "lukas-reineke",
        "repo": "indent-blankline.nvim",
        "type": "github"
      }
    },
    "plugins-kanagawa": {
      "flake": false,
      "locked": {
        "lastModified": 1760519540,
        "narHash": "sha256-nHcQWTX4x4ala6+fvh4EWRVcZMNk5jZiZAwWhw03ExE=",
        "owner": "rebelot",
        "repo": "kanagawa.nvim",
        "rev": "aef7f5cec0a40dbe7f3304214850c472e2264b10",
        "type": "github"
      },
      "original": {
        "owner": "rebelot",
        "repo": "kanagawa.nvim",
        "type": "github"
      }
    },
    "plugins-luasnip": {
      "flake": false,
      "locked": {
        "lastModified": 1768781124,
        "narHash": "sha256-3beTsZPT2EwzAVhEzqNhFRnDAU7C7GlzFFymY3aNp9M=",
        "owner": "L3MON4D3",
        "repo": "LuaSnip",
        "rev": "dae4f5aaa3574bd0c2b9dd20fb9542a02c10471c",
        "type": "github"
      },
      "original": {
        "owner": "L3MON4D3",
        "repo": "LuaSnip",
        "type": "github"
      }
    },
    "plugins-mini-icons": {
      "flake": false,
      "locked": {
        "lastModified": 1767024095,
        "narHash": "sha256-qxUA0Rq1wMqb/Vti+2D5BVEZEwttYH4+h/+pvV2pagE=",
        "owner": "nvim-mini",
        "repo": "mini.icons",
        "rev": "efc85e42262cd0c9e1fdbf806c25cb0be6de115c",
        "type": "github"
      },
      "original": {
        "owner": "nvim-mini",
        "repo": "mini.icons",
        "type": "github"
      }
    },
    "plugins-nvim-web-devicons": {
      "flake": false,
      "locked": {
        "lastModified": 1768089403,
        "narHash": "sha256-x1ujwUXnRolP9SRUD7/Pb4/AZu+3YpC6CfGuq3Bn6Ew=",
        "owner": "nvim-tree",
        "repo": "nvim-web-devicons",
        "rev": "803353450c374192393f5387b6a0176d0972b848",
        "type": "github"
      },
      "original": {
        "owner": "nvim-tree",
        "repo": "nvim-web-devicons",
        "type": "github"
      }
    },
    "plugins-promise-async": {
      "flake": false,
      "locked": {
        "lastModified": 1722813441,
        "narHash": "sha256-9eM66brPjiFlY64vmBetRYrKnpDyN7+/URMm4GsGimA=",
        "owner": "kevinhwang91",
        "repo": "promise-async",
        "rev": "119e8961014c9bfaf1487bf3c2a393d254f337e2",
        "type": "github"
      },
      "original": {
        "owner": "kevinhwang91",
        "repo": "promise-async",
        "type": "github"
      }
    },
    "plugins-ufo": {
      "flake": false,
      "locked": {
        "lastModified": 1768128452,
        "narHash": "sha256-zISVDb+YwBr5aQ/LdACKJ62eAzvtYVFpon4uh5OjA3A=",
        "owner": "kevinhwang91",
        "repo": "nvim-ufo",
        "rev": "ab3eb124062422d276fae49e0dd63b3ad1062cfc",
        "type": "github"
      },
      "original": {
        "owner": "kevinhwang91",
        "repo": "nvim-ufo",
        "type": "github"
      }
    },
    "plugins-which-key": {
      "flake": false,
      "locked": {
        "lastModified": 1761664528,
        "narHash": "sha256-rKaYnXM4gRkkF/+xIFm2oCZwtAU6CeTdRWU93N+Jmbc=",
        "owner": "folke",
        "repo": "which-key.nvim",
        "rev": "3aab2147e74890957785941f0c1ad87d0a44c15a",
        "type": "github"
      },
      "original": {
        "owner": "folke",
        "repo": "which-key.nvim",
        "type": "github"
      }
    },
    "root": {
      "inputs": {
        "agenix": "agenix",
        "home-manager": "home-manager_2",
        "nixos-hardware": "nixos-hardware",
        "nixpkgs": "nixpkgs",
        "nixpkgs-24-05": "nixpkgs-24-05",
        "nvim": "nvim"
      }
    },
    "rust-analyzer-src": {
      "flake": false,
      "locked": {
        "lastModified": 1760976639,
        "narHash": "sha256-v+teOfOLbR9UFLuaMfbsd/L5ckJBcQJyeFj23V3lz8g=",
        "owner": "rust-lang",
        "repo": "rust-analyzer",
        "rev": "4a305f565ab964caf22dc72980a44b2970a9c2f1",
        "type": "github"
      },
      "original": {
        "owner": "rust-lang",
        "ref": "nightly",
        "repo": "rust-analyzer",
        "type": "github"
      }
    },
    "rust-analyzer-src_2": {
      "flake": false,
      "locked": {
        "lastModified": 1768816483,
        "narHash": "sha256-bXeWgVkvxN76QEw12OaWFbRhO1yt+5QETz/BxBX4dk0=",
        "owner": "rust-lang",
        "repo": "rust-analyzer",
        "rev": "1b8952b49fa10cae9020f0e46d0b8938563a6b64",
        "type": "github"
      },
      "original": {
        "owner": "rust-lang",
        "ref": "nightly",
        "repo": "rust-analyzer",
        "type": "github"
      }
    },
    "systems": {
      "locked": {
        "lastModified": 1681028828,
        "narHash": "sha256-Vy1rq5AaRuLzOxct8nz4T6wlgyUR7zLU309k9mBC768=",
        "owner": "nix-systems",
        "repo": "default",
        "rev": "da67096a3b9bf56a91d16901293e51ba5b49a27e",
        "type": "github"
      },
      "original": {
        "owner": "nix-systems",
        "repo": "default",
        "type": "github"
      }
    }
  },
  "root": "root",
  "version": 7
}
