{
  "nodes": {
    "agenix": {
      "inputs": {
        "darwin": "darwin",
        "home-manager": "home-manager",
        "nixpkgs": [
          "nixpkgs"
        ],
        "systems": "systems"
      },
      "locked": {
        "lastModified": 1770165109,
        "narHash": "sha256-9VnK6Oqai65puVJ4WYtCTvlJeXxMzAp/69HhQuTdl/I=",
        "owner": "ryantm",
        "repo": "agenix",
        "rev": "b027ee29d959fda4b60b57566d64c98a202e0feb",
        "type": "github"
      },
      "original": {
        "owner": "ryantm",
        "repo": "agenix",
        "type": "github"
      }
    },
    "blink-cmp": {
      "inputs": {
        "blink-lib": "blink-lib",
        "nixpkgs": "nixpkgs_3"
      },
      "locked": {
        "lastModified": 1777884016,
        "narHash": "sha256-3wv3S3icbiyd5ui7jEvYK7U3SXHLzBH/KmXJMhunet4=",
        "owner": "saghen",
        "repo": "blink.cmp",
        "rev": "d3874d2a13aa19b095bdd10d37a82a8f0aa7cad3",
        "type": "github"
      },
      "original": {
        "owner": "saghen",
        "repo": "blink.cmp",
        "type": "github"
      }
    },
    "blink-lib": {
      "inputs": {
        "nixpkgs": [
          "nvim",
          "blink-cmp",
          "nixpkgs"
        ]
      },
      "locked": {
        "lastModified": 1777670812,
        "narHash": "sha256-3XsqX4CGj8VI5tGLWJoUiyo+u7AyNp2IO9hEwQsF1I8=",
        "owner": "saghen",
        "repo": "blink.lib",
        "rev": "f29d8bac6549bc1e7d699c83f680823d7def98bd",
        "type": "github"
      },
      "original": {
        "owner": "saghen",
        "repo": "blink.lib",
        "type": "github"
      }
    },
    "claude-code-nix": {
      "inputs": {
        "flake-utils": "flake-utils",
        "nixpkgs": "nixpkgs"
      },
      "locked": {
        "lastModified": 1781026565,
        "narHash": "sha256-sL9ZxUqeNFK2TXg0o0swSeJz0KlgkpLiyPSOq+Durug=",
        "owner": "sadjow",
        "repo": "claude-code-nix",
        "rev": "4b0229ec9e37c594156b492653eada8413446f09",
        "type": "github"
      },
      "original": {
        "owner": "sadjow",
        "repo": "claude-code-nix",
        "type": "github"
      }
    },
    "darwin": {
      "inputs": {
        "nixpkgs": [
          "agenix",
          "nixpkgs"
        ]
      },
      "locked": {
        "lastModified": 1744478979,
        "narHash": "sha256-dyN+teG9G82G+m+PX/aSAagkC+vUv0SgUw3XkPhQodQ=",
        "owner": "lnl7",
        "repo": "nix-darwin",
        "rev": "43975d782b418ebf4969e9ccba82466728c2851b",
        "type": "github"
      },
      "original": {
        "owner": "lnl7",
        "ref": "master",
        "repo": "nix-darwin",
        "type": "github"
      }
    },
    "fenix": {
      "inputs": {
        "nixpkgs": [
          "nvim",
          "nixpkgs"
        ],
        "rust-analyzer-src": "rust-analyzer-src"
      },
      "locked": {
        "lastModified": 1777969788,
        "narHash": "sha256-8sr3w0KyQ0K7TEd8pYwYrxiDk0GZ4A7iIcl1lsxlzVM=",
        "owner": "nix-community",
        "repo": "fenix",
        "rev": "3abc2d5559f4dc30c710ab152abcb4cb60b561ba",
        "type": "github"
      },
      "original": {
        "owner": "nix-community",
        "repo": "fenix",
        "type": "github"
      }
    },
    "flake-utils": {
      "inputs": {
        "systems": "systems_2"
      },
      "locked": {
        "lastModified": 1731533236,
        "narHash": "sha256-l0KFg5HjrsfsO/JpG+r7fRrqm12kzFHyUHqHCVpMMbI=",
        "owner": "numtide",
        "repo": "flake-utils",
        "rev": "11707dc2f618dd54ca8739b309ec4fc024de578b",
        "type": "github"
      },
      "original": {
        "owner": "numtide",
        "repo": "flake-utils",
        "type": "github"
      }
    },
    "home-manager": {
      "inputs": {
        "nixpkgs": [
          "agenix",
          "nixpkgs"
        ]
      },
      "locked": {
        "lastModified": 1745494811,
        "narHash": "sha256-YZCh2o9Ua1n9uCvrvi5pRxtuVNml8X2a03qIFfRKpFs=",
        "owner": "nix-community",
        "repo": "home-manager",
        "rev": "abfad3d2958c9e6300a883bd443512c55dfeb1be",
        "type": "github"
      },
      "original": {
        "owner": "nix-community",
        "repo": "home-manager",
        "type": "github"
      }
    },
    "home-manager_2": {
      "inputs": {
        "nixpkgs": [
          "nixpkgs"
        ]
      },
      "locked": {
        "lastModified": 1781064232,
        "narHash": "sha256-+7cIaqM6ucKf5fDyMnkwehxG8tBdaU51TZOMtxacXmI=",
        "owner": "nix-community",
        "repo": "home-manager",
        "rev": "1ffdc28076a1809ee7c0cf08f06af18f31c480cd",
        "type": "github"
      },
      "original": {
        "owner": "nix-community",
        "repo": "home-manager",
        "type": "github"
      }
    },
    "nixCats": {
      "locked": {
        "lastModified": 1777273601,
        "narHash": "sha256-xBUa8Tl9V7IXI+VmLEuDc81La/EhoSn1C3EVSnJ3cfU=",
        "owner": "BirdeeHub",
        "repo": "nixCats-nvim",
        "rev": "f69ea013e328841a7def7037ed59788a76be8816",
        "type": "github"
      },
      "original": {
        "owner": "BirdeeHub",
        "repo": "nixCats-nvim",
        "type": "github"
      }
    },
    "nixos-hardware": {
      "locked": {
        "lastModified": 1775490113,
        "narHash": "sha256-2ZBhDNZZwYkRmefK5XLOusCJHnoeKkoN95hoSGgMxWM=",
        "owner": "nixos",
        "repo": "nixos-hardware",
        "rev": "c775c2772ba56e906cbeb4e0b2db19079ef11ff7",
        "type": "github"
      },
      "original": {
        "owner": "nixos",
        "ref": "master",
        "repo": "nixos-hardware",
        "type": "github"
      }
    },
    "nixpkgs": {
      "locked": {
        "lastModified": 1780930886,
        "narHash": "sha256-rppURzHviaQN131F+nLiLdGfcb0uCd9gGP0E5+iw9MI=",
        "owner": "NixOS",
        "repo": "nixpkgs",
        "rev": "8c3cede7ddc26bd659d2d383b5610efbd2c7a16e",
        "type": "github"
      },
      "original": {
        "owner": "NixOS",
        "ref": "nixpkgs-unstable",
        "repo": "nixpkgs",
        "type": "github"
      }
    },
    "nixpkgs_2": {
      "locked": {
        "lastModified": 1780749050,
        "narHash": "sha256-3av0pIjlOWQ6rDbNOmpUSvbNnJkGORQKKjb4LtCZsIY=",
        "owner": "nixos",
        "repo": "nixpkgs",
        "rev": "a799d3e3886da994fa307f817a6bc705ae538eeb",
        "type": "github"
      },
      "original": {
        "owner": "nixos",
        "ref": "nixos-unstable",
        "repo": "nixpkgs",
        "type": "github"
      }
    },
    "nixpkgs_3": {
      "locked": {
        "lastModified": 1777268161,
        "narHash": "sha256-e1tDUQMbFCxCnke314UpghgRqg3FJLtcXFfq/WTRLYI=",
        "rev": "1c3fe55ad329cbcb28471bb30f05c9827f724c76",
        "type": "tarball",
        "url": "https://releases.nixos.org/nixos/unstable/nixos-26.05pre987561.1c3fe55ad329/nixexprs.tar.xz"
      },
      "original": {
        "type": "tarball",
        "url": "https://channels.nixos.org/nixos-unstable/nixexprs.tar.xz"
      }
    },
    "nixpkgs_4": {
      "locked": {
        "lastModified": 1778036283,
        "narHash": "sha256-62EWg6lI0qyzm7oAx5cAnGkLutvJsRBe0KkEW2JDZCE=",
        "owner": "nixos",
        "repo": "nixpkgs",
        "rev": "ed67bc86e84e51d4a88e73c7fd36006dc876476f",
        "type": "github"
      },
      "original": {
        "owner": "nixos",
        "ref": "nixpkgs-unstable",
        "repo": "nixpkgs",
        "type": "github"
      }
    },
    "nvim": {
      "inputs": {
        "blink-cmp": "blink-cmp",
        "fenix": "fenix",
        "nixCats": "nixCats",
        "nixpkgs": "nixpkgs_4",
        "plugins-blink-compat": "plugins-blink-compat",
        "plugins-catppuccin": "plugins-catppuccin",
        "plugins-cmp-latex-symbols": "plugins-cmp-latex-symbols",
        "plugins-conform": "plugins-conform",
        "plugins-diffview": "plugins-diffview",
        "plugins-gruvbox": "plugins-gruvbox",
        "plugins-indent-blankline": "plugins-indent-blankline",
        "plugins-kanagawa": "plugins-kanagawa",
        "plugins-luasnip": "plugins-luasnip",
        "plugins-mini-icons": "plugins-mini-icons",
        "plugins-nvim-web-devicons": "plugins-nvim-web-devicons",
        "plugins-promise-async": "plugins-promise-async",
        "plugins-render-markdown": "plugins-render-markdown",
        "plugins-ufo": "plugins-ufo",
        "plugins-which-key": "plugins-which-key"
      },
      "locked": {
        "lastModified": 1781804601,
        "narHash": "sha256-/pt/RbOIKo6zLjkynyyduXtCHUG12829hBJTwKFOxjA=",
        "owner": "alex-bechanko",
        "repo": "nvim",
        "rev": "d6add4397e07bbbdd7bac6d41e7aaae5203c4223",
        "type": "github"
      },
      "original": {
        "owner": "alex-bechanko",
        "repo": "nvim",
        "type": "github"
      }
    },
    "plugins-blink-compat": {
      "flake": false,
      "locked": {
        "lastModified": 1748464440,
        "narHash": "sha256-EMQC+2hjgAGYcBoSKkR5LV7jUsl3Oi8rL3K7FNIHXIw=",
        "owner": "saghen",
        "repo": "blink.compat",
        "rev": "1454f14a8d855a578ceeba77c62538fa1459a67c",
        "type": "github"
      },
      "original": {
        "owner": "saghen",
        "repo": "blink.compat",
        "type": "github"
      }
    },
    "plugins-catppuccin": {
      "flake": false,
      "locked": {
        "lastModified": 1775518241,
        "narHash": "sha256-qs74a/h9nUoI1uZ7Rlh8krgWkTaIh4SaHshhPiDwBis=",
        "owner": "catppuccin",
        "repo": "nvim",
        "rev": "426dbebe06b5c69fd846ceb17b42e12f890aedf1",
        "type": "github"
      },
      "original": {
        "owner": "catppuccin",
        "repo": "nvim",
        "type": "github"
      }
    },
    "plugins-cmp-latex-symbols": {
      "flake": false,
      "locked": {
        "lastModified": 1772798656,
        "narHash": "sha256-95AvId9oT9N9hqEOphKPMdKT6raxc9o0AcEY4CGeI4U=",
        "owner": "kdheepak",
        "repo": "cmp-latex-symbols",
        "rev": "0f8a9539f4c1c8fcf3b5244866b07b9d07282fa2",
        "type": "github"
      },
      "original": {
        "owner": "kdheepak",
        "repo": "cmp-latex-symbols",
        "type": "github"
      }
    },
    "plugins-conform": {
      "flake": false,
      "locked": {
        "lastModified": 1776924084,
        "narHash": "sha256-pV7Yr2LSBDqKGeYoS4CWHGUSs8Yx4wsVXCXySt9yz0M=",
        "owner": "stevearc",
        "repo": "conform.nvim",
        "rev": "dca1a190aa85f9065979ef35802fb77131911106",
        "type": "github"
      },
      "original": {
        "owner": "stevearc",
        "repo": "conform.nvim",
        "type": "github"
      }
    },
    "plugins-diffview": {
      "flake": false,
      "locked": {
        "lastModified": 1718279802,
        "narHash": "sha256-SX+ybIzL/w6uyCy4iZKnWnzTFwqB1oXSgyYVAdpdKi8=",
        "owner": "sindrets",
        "repo": "diffview.nvim",
        "rev": "4516612fe98ff56ae0415a259ff6361a89419b0a",
        "type": "github"
      },
      "original": {
        "owner": "sindrets",
        "repo": "diffview.nvim",
        "type": "github"
      }
    },
    "plugins-gruvbox": {
      "flake": false,
      "locked": {
        "lastModified": 1776256962,
        "narHash": "sha256-SogU3DStdWDN6qRjOnbGzoZ9Vc+fqnNYZF7XEqFeMUw=",
        "owner": "ellisonleao",
        "repo": "gruvbox.nvim",
        "rev": "154eb5ff5b96d0641307113fa385eaf0d36d9796",
        "type": "github"
      },
      "original": {
        "owner": "ellisonleao",
        "repo": "gruvbox.nvim",
        "type": "github"
      }
    },
    "plugins-indent-blankline": {
      "flake": false,
      "locked": {
        "lastModified": 1771288550,
        "narHash": "sha256-Vc79ff416uJFqKH8zlM1y208SxaQGpQPqGVbiz5Vflg=",
        "owner": "lukas-reineke",
        "repo": "indent-blankline.nvim",
        "rev": "d28a3f70721c79e3c5f6693057ae929f3d9c0a03",
        "type": "github"
      },
      "original": {
        "owner": "lukas-reineke",
        "repo": "indent-blankline.nvim",
        "type": "github"
      }
    },
    "plugins-kanagawa": {
      "flake": false,
      "locked": {
        "lastModified": 1776667684,
        "narHash": "sha256-vAq9ZiG3s4x/xFSKt9/o40pptj2y7S8DQqs1dJEdhVU=",
        "owner": "rebelot",
        "repo": "kanagawa.nvim",
        "rev": "8ad3b4cdcc804b332c32db8f9743667e1bb82b99",
        "type": "github"
      },
      "original": {
        "owner": "rebelot",
        "repo": "kanagawa.nvim",
        "type": "github"
      }
    },
    "plugins-luasnip": {
      "flake": false,
      "locked": {
        "lastModified": 1775425605,
        "narHash": "sha256-faK+6aY+RDZ3imFfPIDL3ZMurDjq8NIHMPxmp4y6FdI=",
        "owner": "L3MON4D3",
        "repo": "LuaSnip",
        "rev": "a62e1083a3cfe8b6b206e7d3d33a51091df25357",
        "type": "github"
      },
      "original": {
        "owner": "L3MON4D3",
        "repo": "LuaSnip",
        "type": "github"
      }
    },
    "plugins-mini-icons": {
      "flake": false,
      "locked": {
        "lastModified": 1776167816,
        "narHash": "sha256-/arujhZe9m9VB5nZ0xzCZjkxu4ai9Rfit7y6RwrLf7s=",
        "owner": "nvim-mini",
        "repo": "mini.icons",
        "rev": "bac6317300e205335df425296570d84322730067",
        "type": "github"
      },
      "original": {
        "owner": "nvim-mini",
        "repo": "mini.icons",
        "type": "github"
      }
    },
    "plugins-nvim-web-devicons": {
      "flake": false,
      "locked": {
        "lastModified": 1777339182,
        "narHash": "sha256-ESwmag9Ns7RkWqINIVKOmj26XG1Z6NAnfK2N+T7djPA=",
        "owner": "nvim-tree",
        "repo": "nvim-web-devicons",
        "rev": "4fc505ac7bd7692824a142e96e5f529c133862f8",
        "type": "github"
      },
      "original": {
        "owner": "nvim-tree",
        "repo": "nvim-web-devicons",
        "type": "github"
      }
    },
    "plugins-promise-async": {
      "flake": false,
      "locked": {
        "lastModified": 1722813441,
        "narHash": "sha256-9eM66brPjiFlY64vmBetRYrKnpDyN7+/URMm4GsGimA=",
        "owner": "kevinhwang91",
        "repo": "promise-async",
        "rev": "119e8961014c9bfaf1487bf3c2a393d254f337e2",
        "type": "github"
      },
      "original": {
        "owner": "kevinhwang91",
        "repo": "promise-async",
        "type": "github"
      }
    },
    "plugins-render-markdown": {
      "flake": false,
      "locked": {
        "lastModified": 1779729774,
        "narHash": "sha256-vB8rFNSUW9pcBiCjtsA+LRbuysP8HnpsCQHPEFyHTrM=",
        "owner": "MeanderingProgrammer",
        "repo": "render-markdown.nvim",
        "rev": "5adf0895310c1904e5abfaad40a2baad7fe44a07",
        "type": "github"
      },
      "original": {
        "owner": "MeanderingProgrammer",
        "repo": "render-markdown.nvim",
        "type": "github"
      }
    },
    "plugins-ufo": {
      "flake": false,
      "locked": {
        "lastModified": 1768128452,
        "narHash": "sha256-zISVDb+YwBr5aQ/LdACKJ62eAzvtYVFpon4uh5OjA3A=",
        "owner": "kevinhwang91",
        "repo": "nvim-ufo",
        "rev": "ab3eb124062422d276fae49e0dd63b3ad1062cfc",
        "type": "github"
      },
      "original": {
        "owner": "kevinhwang91",
        "repo": "nvim-ufo",
        "type": "github"
      }
    },
    "plugins-which-key": {
      "flake": false,
      "locked": {
        "lastModified": 1761664528,
        "narHash": "sha256-rKaYnXM4gRkkF/+xIFm2oCZwtAU6CeTdRWU93N+Jmbc=",
        "owner": "folke",
        "repo": "which-key.nvim",
        "rev": "3aab2147e74890957785941f0c1ad87d0a44c15a",
        "type": "github"
      },
      "original": {
        "owner": "folke",
        "repo": "which-key.nvim",
        "type": "github"
      }
    },
    "root": {
      "inputs": {
        "agenix": "agenix",
        "claude-code-nix": "claude-code-nix",
        "home-manager": "home-manager_2",
        "nixos-hardware": "nixos-hardware",
        "nixpkgs": "nixpkgs_2",
        "nvim": "nvim"
      }
    },
    "rust-analyzer-src": {
      "flake": false,
      "locked": {
        "lastModified": 1777924689,
        "narHash": "sha256-9Z0puLyCSYvtYhP1IZMxC05DSgwA+5rE99jsv1KErc4=",
        "owner": "rust-lang",
        "repo": "rust-analyzer",
        "rev": "91c7c2c4ca6a0520cfbf97e369e4fb7bf0b63b7a",
        "type": "github"
      },
      "original": {
        "owner": "rust-lang",
        "ref": "nightly",
        "repo": "rust-analyzer",
        "type": "github"
      }
    },
    "systems": {
      "locked": {
        "lastModified": 1681028828,
        "narHash": "sha256-Vy1rq5AaRuLzOxct8nz4T6wlgyUR7zLU309k9mBC768=",
        "owner": "nix-systems",
        "repo": "default",
        "rev": "da67096a3b9bf56a91d16901293e51ba5b49a27e",
        "type": "github"
      },
      "original": {
        "owner": "nix-systems",
        "repo": "default",
        "type": "github"
      }
    },
    "systems_2": {
      "locked": {
        "lastModified": 1681028828,
        "narHash": "sha256-Vy1rq5AaRuLzOxct8nz4T6wlgyUR7zLU309k9mBC768=",
        "owner": "nix-systems",
        "repo": "default",
        "rev": "da67096a3b9bf56a91d16901293e51ba5b49a27e",
        "type": "github"
      },
      "original": {
        "owner": "nix-systems",
        "repo": "default",
        "type": "github"
      }
    }
  },
  "root": "root",
  "version": 7
}
